
Microsoft Visual Studio Solution File, Format Version 12.00
# Visual Studio Version 16
VisualStudioVersion = 16.0.33214.272
MinimumVisualStudioVersion = 10.0.40219.1
Project("{FAE04EC0-301F-11D3-BF4B-00C04F79EFBC}") = "Homework_MVC", "Homework_MVC\Homework_MVC.csproj", "{D2EE4C03-51F9-42EB-A15D-B9E83FB06918}"
EndProject
Global
	GlobalSection(SolutionConfigurationPlatforms) = preSolution
		Debug|Any CPU = Debug|Any CPU
		Release|Any CPU = Release|Any CPU
	EndGlobalSection
	GlobalSection(ProjectConfigurationPlatforms) = postSolution
		{D2EE4C03-51F9-42EB-A15D-B9E83FB06918}.Debug|Any CPU.ActiveCfg = Debug|Any CPU
		{D2EE4C03-51F9-42EB-A15D-B9E83FB06918}.Debug|Any CPU.Build.0 = Debug|Any CPU
		{D2EE4C03-51F9-42EB-A15D-B9E83FB06918}.Release|Any CPU.ActiveCfg = Release|Any CPU
		{D2EE4C03-51F9-42EB-A15D-B9E83FB06918}.Release|Any CPU.Build.0 = Release|Any CPU
	EndGlobalSection
	GlobalSection(SolutionProperties) = preSolution
		HideSolutionNode = FALSE
	EndGlobalSection
	GlobalSection(ExtensibilityGlobals) = postSolution
		SolutionGuid = {F9975A61-4224-44F2-9661-A3D775986F9F}
	EndGlobalSection
EndGlobal
